PODS:
  - Alamofire (4.8.2)
  - Apollo (0.10.0):
    - Apollo/Core (= 0.10.0)
  - Apollo/Core (0.10.0)
  - ApolloAlamofire (0.3.0):
    - Alamofire (~> 4)
    - Apollo (~> 0.10)

DEPENDENCIES:
  - ApolloAlamofire (from `../`)

SPEC REPOS:
  https://github.com/cocoapods/specs.git:
    - Alamofire
    - Apollo

EXTERNAL SOURCES:
  ApolloAlamofire:
    :path: "../"

SPEC CHECKSUMS:
  Alamofire: ae5c501addb7afdbb13687d7f2f722c78734c2d3
  Apollo: aa9b870203900b9526332ea3d12c37b4dc6ce1b9
  ApolloAlamofire: 12d44c6426aeb3b6dbfdba2d9c26cb4bab9ebddd

PODFILE CHECKSUM: 3d8d02ef1af8e9f3ad5f5d2ba9652a1dafc83875

COCOAPODS: 1.6.0
